// !$*UTF8*$!
{
	archiveVersion = 1;
	classes = {
	};
	objectVersion = 56;
	objects = {

/* Begin PBXBuildFile section */
		20CDECA62B12905C00BB48CF /* TaskManagerApp.swift in Sources */ = {isa = PBXBuildFile; fileRef = 20CDECA52B12905C00BB48CF /* TaskManagerApp.swift */; };
		20CDECA82B12905C00BB48CF /* ContentView.swift in Sources */ = {isa = PBXBuildFile; fileRef = 20CDECA72B12905C00BB48CF /* ContentView.swift */; };
		20CDECAA2B12905D00BB48CF /* Assets.xcassets in Resources */ = {isa = PBXBuildFile; fileRef = 20CDECA92B12905D00BB48CF /* Assets.xcassets */; };
		20CDECAD2B12905D00BB48CF /* Preview Assets.xcassets in Resources */ = {isa = PBXBuildFile; fileRef = 20CDECAC2B12905D00BB48CF /* Preview Assets.xcassets */; };
		20CDECB82B1290BE00BB48CF /* TaskListView.swift in Sources */ = {isa = PBXBuildFile; fileRef = 20CDECB42B1290BE00BB48CF /* TaskListView.swift */; };
		20CDECB92B1290BE00BB48CF /* TaskView.swift in Sources */ = {isa = PBXBuildFile; fileRef = 20CDECB52B1290BE00BB48CF /* TaskView.swift */; };
		20CDECBA2B1290BE00BB48CF /* SidebarView.swift in Sources */ = {isa = PBXBuildFile; fileRef = 20CDECB62B1290BE00BB48CF /* SidebarView.swift */; };
		20CDECBB2B1290BE00BB48CF /* StaticTaskListView.swift in Sources */ = {isa = PBXBuildFile; fileRef = 20CDECB72B1290BE00BB48CF /* StaticTaskListView.swift */; };
		20CDECC02B12911C00BB48CF /* Task.swift in Sources */ = {isa = PBXBuildFile; fileRef = 20CDECBD2B12911C00BB48CF /* Task.swift */; };
		20CDECC12B12911C00BB48CF /* TaskGroup.swift in Sources */ = {isa = PBXBuildFile; fileRef = 20CDECBE2B12911C00BB48CF /* TaskGroup.swift */; };
		20CDECC22B12911C00BB48CF /* TaskSection.swift in Sources */ = {isa = PBXBuildFile; fileRef = 20CDECBF2B12911C00BB48CF /* TaskSection.swift */; };
		20CDECC62B12957C00BB48CF /* SettingsView.swift in Sources */ = {isa = PBXBuildFile; fileRef = 20CDECC52B12957C00BB48CF /* SettingsView.swift */; };
/* End PBXBuildFile section */

/* Begin PBXFileReference section */
		20CDECA22B12905C00BB48CF /* TaskManager.app */ = {isa = PBXFileReference; explicitFileType = wrapper.application; includeInIndex = 0; path = TaskManager.app; sourceTree = BUILT_PRODUCTS_DIR; };
		20CDECA52B12905C00BB48CF /* TaskManagerApp.swift */ = {isa = PBXFileReference; lastKnownFileType = sourcecode.swift; path = TaskManagerApp.swift; sourceTree = "<group>"; };
		20CDECA72B12905C00BB48CF /* ContentView.swift */ = {isa = PBXFileReference; lastKnownFileType = sourcecode.swift; path = ContentView.swift; sourceTree = "<group>"; };
		20CDECA92B12905D00BB48CF /* Assets.xcassets */ = {isa = PBXFileReference; lastKnownFileType = folder.assetcatalog; path = Assets.xcassets; sourceTree = "<group>"; };
		20CDECAC2B12905D00BB48CF /* Preview Assets.xcassets */ = {isa = PBXFileReference; lastKnownFileType = folder.assetcatalog; path = "Preview Assets.xcassets"; sourceTree = "<group>"; };
		20CDECAE2B12905D00BB48CF /* TaskManager.entitlements */ = {isa = PBXFileReference; lastKnownFileType = text.plist.entitlements; path = TaskManager.entitlements; sourceTree = "<group>"; };
		20CDECB42B1290BE00BB48CF /* TaskListView.swift */ = {isa = PBXFileReference; fileEncoding = 4; lastKnownFileType = sourcecode.swift; path = TaskListView.swift; sourceTree = "<group>"; };
		20CDECB52B1290BE00BB48CF /* TaskView.swift */ = {isa = PBXFileReference; fileEncoding = 4; lastKnownFileType = sourcecode.swift; path = TaskView.swift; sourceTree = "<group>"; };
		20CDECB62B1290BE00BB48CF /* SidebarView.swift */ = {isa = PBXFileReference; fileEncoding = 4; lastKnownFileType = sourcecode.swift; path = SidebarView.swift; sourceTree = "<group>"; };
		20CDECB72B1290BE00BB48CF /* StaticTaskListView.swift */ = {isa = PBXFileReference; fileEncoding = 4; lastKnownFileType = sourcecode.swift; path = StaticTaskListView.swift; sourceTree = "<group>"; };
		20CDECBD2B12911C00BB48CF /* Task.swift */ = {isa = PBXFileReference; fileEncoding = 4; lastKnownFileType = sourcecode.swift; path = Task.swift; sourceTree = "<group>"; };
		20CDECBE2B12911C00BB48CF /* TaskGroup.swift */ = {isa = PBXFileReference; fileEncoding = 4; lastKnownFileType = sourcecode.swift; path = TaskGroup.swift; sourceTree = "<group>"; };
		20CDECBF2B12911C00BB48CF /* TaskSection.swift */ = {isa = PBXFileReference; fileEncoding = 4; lastKnownFileType = sourcecode.swift; path = TaskSection.swift; sourceTree = "<group>"; };
		20CDECC52B12957C00BB48CF /* SettingsView.swift */ = {isa = PBXFileReference; lastKnownFileType = sourcecode.swift; path = SettingsView.swift; sourceTree = "<group>"; };
/* End PBXFileReference section */

/* Begin PBXFrameworksBuildPhase section */
		20CDEC9F2B12905C00BB48CF /* Frameworks */ = {
			isa = PBXFrameworksBuildPhase;
			buildActionMask = 2147483647;
			files = (
			);
			runOnlyForDeploymentPostprocessing = 0;
		};
/* End PBXFrameworksBuildPhase section */

/* Begin PBXGroup section */
		20CDEC992B12905C00BB48CF = {
			isa = PBXGroup;
			children = (
				20CDECA42B12905C00BB48CF /* TaskManager */,
				20CDECA32B12905C00BB48CF /* Products */,
			);
			sourceTree = "<group>";
		};
		20CDECA32B12905C00BB48CF /* Products */ = {
			isa = PBXGroup;
			children = (
				20CDECA22B12905C00BB48CF /* TaskManager.app */,
			);
			name = Products;
			sourceTree = "<group>";
		};
		20CDECA42B12905C00BB48CF /* TaskManager */ = {
			isa = PBXGroup;
			children = (
				20CDECBC2B1290F200BB48CF /* Models */,
				20CDECB62B1290BE00BB48CF /* SidebarView.swift */,
				20CDECC52B12957C00BB48CF /* SettingsView.swift */,
				20CDECB72B1290BE00BB48CF /* StaticTaskListView.swift */,
				20CDECB42B1290BE00BB48CF /* TaskListView.swift */,
				20CDECB52B1290BE00BB48CF /* TaskView.swift */,
				20CDECA52B12905C00BB48CF /* TaskManagerApp.swift */,
				20CDECA72B12905C00BB48CF /* ContentView.swift */,
				20CDECA92B12905D00BB48CF /* Assets.xcassets */,
				20CDECAE2B12905D00BB48CF /* TaskManager.entitlements */,
				20CDECAB2B12905D00BB48CF /* Preview Content */,
			);
			path = TaskManager;
			sourceTree = "<group>";
		};
		20CDECAB2B12905D00BB48CF /* Preview Content */ = {
			isa = PBXGroup;
			children = (
				20CDECAC2B12905D00BB48CF /* Preview Assets.xcassets */,
			);
			path = "Preview Content";
			sourceTree = "<group>";
		};
		20CDECBC2B1290F200BB48CF /* Models */ = {
			isa = PBXGroup;
			children = (
				20CDECBD2B12911C00BB48CF /* Task.swift */,
				20CDECBE2B12911C00BB48CF /* TaskGroup.swift */,
				20CDECBF2B12911C00BB48CF /* TaskSection.swift */,
			);
			path = Models;
			sourceTree = "<group>";
		};
/* End PBXGroup section */

/* Begin PBXNativeTarget section */
		20CDECA12B12905C00BB48CF /* TaskManager */ = {
			isa = PBXNativeTarget;
			buildConfigurationList = 20CDECB12B12905D00BB48CF /* Build configuration list for PBXNativeTarget "TaskManager" */;
			buildPhases = (
				20CDEC9E2B12905C00BB48CF /* Sources */,
				20CDEC9F2B12905C00BB48CF /* Frameworks */,
				20CDECA02B12905C00BB48CF /* Resources */,
			);
			buildRules = (
			);
			dependencies = (
			);
			name = TaskManager;
			productName = TaskManager;
			productReference = 20CDECA22B12905C00BB48CF /* TaskManager.app */;
			productType = "com.apple.product-type.application";
		};
/* End PBXNativeTarget section */

/* Begin PBXProject section */
		20CDEC9A2B12905C00BB48CF /* Project object */ = {
			isa = PBXProject;
			attributes = {
				BuildIndependentTargetsInParallel = 1;
				LastSwiftUpdateCheck = 1500;
				LastUpgradeCheck = 1500;
				TargetAttributes = {
					20CDECA12B12905C00BB48CF = {
						CreatedOnToolsVersion = 15.0.1;
					};
				};
			};
			buildConfigurationList = 20CDEC9D2B12905C00BB48CF /* Build configuration list for PBXProject "TaskManager" */;
			compatibilityVersion = "Xcode 14.0";
			developmentRegion = en;
			hasScannedForEncodings = 0;
			knownRegions = (
				en,
				Base,
			);
			mainGroup = 20CDEC992B12905C00BB48CF;
			productRefGroup = 20CDECA32B12905C00BB48CF /* Products */;
			projectDirPath = "";
			projectRoot = "";
			targets = (
				20CDECA12B12905C00BB48CF /* TaskManager */,
			);
		};
/* End PBXProject section */

/* Begin PBXResourcesBuildPhase section */
		20CDECA02B12905C00BB48CF /* Resources */ = {
			isa = PBXResourcesBuildPhase;
			buildActionMask = 2147483647;
			files = (
				20CDECAD2B12905D00BB48CF /* Preview Assets.xcassets in Resources */,
				20CDECAA2B12905D00BB48CF /* Assets.xcassets in Resources */,
			);
			runOnlyForDeploymentPostprocessing = 0;
		};
/* End PBXResourcesBuildPhase section */

/* Begin PBXSourcesBuildPhase section */
		20CDEC9E2B12905C00BB48CF /* Sources */ = {
			isa = PBXSourcesBuildPhase;
			buildActionMask = 2147483647;
			files = (
				20CDECA82B12905C00BB48CF /* ContentView.swift in Sources */,
				20CDECC22B12911C00BB48CF /* TaskSection.swift in Sources */,
				20CDECA62B12905C00BB48CF /* TaskManagerApp.swift in Sources */,
				20CDECC12B12911C00BB48CF /* TaskGroup.swift in Sources */,
				20CDECBA2B1290BE00BB48CF /* SidebarView.swift in Sources */,
				20CDECC62B12957C00BB48CF /* SettingsView.swift in Sources */,
				20CDECB82B1290BE00BB48CF /* TaskListView.swift in Sources */,
				20CDECB92B1290BE00BB48CF /* TaskView.swift in Sources */,
				20CDECC02B12911C00BB48CF /* Task.swift in Sources */,
				20CDECBB2B1290BE00BB48CF /* StaticTaskListView.swift in Sources */,
			);
			runOnlyForDeploymentPostprocessing = 0;
		};
/* End PBXSourcesBuildPhase section */

/* Begin XCBuildConfiguration section */
		20CDECAF2B12905D00BB48CF /* Debug */ = {
			isa = XCBuildConfiguration;
			buildSettings = {
				ALWAYS_SEARCH_USER_PATHS = NO;
				ASSETCATALOG_COMPILER_GENERATE_SWIFT_ASSET_SYMBOL_EXTENSIONS = YES;
				CLANG_ANALYZER_NONNULL = YES;
				CLANG_ANALYZER_NUMBER_OBJECT_CONVERSION = YES_AGGRESSIVE;
				CLANG_CXX_LANGUAGE_STANDARD = "gnu++20";
				CLANG_ENABLE_MODULES = YES;
				CLANG_ENABLE_OBJC_ARC = YES;
				CLANG_ENABLE_OBJC_WEAK = YES;
				CLANG_WARN_BLOCK_CAPTURE_AUTORELEASING = YES;
				CLANG_WARN_BOOL_CONVERSION = YES;
				CLANG_WARN_COMMA = YES;
				CLANG_WARN_CONSTANT_CONVERSION = YES;
				CLANG_WARN_DEPRECATED_OBJC_IMPLEMENTATIONS = YES;
				CLANG_WARN_DIRECT_OBJC_ISA_USAGE = YES_ERROR;
				CLANG_WARN_DOCUMENTATION_COMMENTS = YES;
				CLANG_WARN_EMPTY_BODY = YES;
				CLANG_WARN_ENUM_CONVERSION = YES;
				CLANG_WARN_INFINITE_RECURSION = YES;
				CLANG_WARN_INT_CONVERSION = YES;
				CLANG_WARN_NON_LITERAL_NULL_CONVERSION = YES;
				CLANG_WARN_OBJC_IMPLICIT_RETAIN_SELF = YES;
				CLANG_WARN_OBJC_LITERAL_CONVERSION = YES;
				CLANG_WARN_OBJC_ROOT_CLASS = YES_ERROR;
				CLANG_WARN_QUOTED_INCLUDE_IN_FRAMEWORK_HEADER = YES;
				CLANG_WARN_RANGE_LOOP_ANALYSIS = YES;
				CLANG_WARN_STRICT_PROTOTYPES = YES;
				CLANG_WARN_SUSPICIOUS_MOVE = YES;
				CLANG_WARN_UNGUARDED_AVAILABILITY = YES_AGGRESSIVE;
				CLANG_WARN_UNREACHABLE_CODE = YES;
				CLANG_WARN__DUPLICATE_METHOD_MATCH = YES;
				COPY_PHASE_STRIP = NO;
				DEBUG_INFORMATION_FORMAT = dwarf;
				ENABLE_STRICT_OBJC_MSGSEND = YES;
				ENABLE_TESTABILITY = YES;
				ENABLE_USER_SCRIPT_SANDBOXING = YES;
				GCC_C_LANGUAGE_STANDARD = gnu17;
				GCC_DYNAMIC_NO_PIC = NO;
				GCC_NO_COMMON_BLOCKS = YES;
				GCC_OPTIMIZATION_LEVEL = 0;
				GCC_PREPROCESSOR_DEFINITIONS = (
					"DEBUG=1",
					"$(inherited)",
				);
				GCC_WARN_64_TO_32_BIT_CONVERSION = YES;
				GCC_WARN_ABOUT_RETURN_TYPE = YES_ERROR;
				GCC_WARN_UNDECLARED_SELECTOR = YES;
				GCC_WARN_UNINITIALIZED_AUTOS = YES_AGGRESSIVE;
				GCC_WARN_UNUSED_FUNCTION = YES;
				GCC_WARN_UNUSED_VARIABLE = YES;
				LOCALIZATION_PREFERS_STRING_CATALOGS = YES;
				MACOSX_DEPLOYMENT_TARGET = 14.0;
				MTL_ENABLE_DEBUG_INFO = INCLUDE_SOURCE;
				MTL_FAST_MATH = YES;
				ONLY_ACTIVE_ARCH = YES;
				SDKROOT = macosx;
				SWIFT_ACTIVE_COMPILATION_CONDITIONS = "DEBUG $(inherited)";
				SWIFT_OPTIMIZATION_LEVEL = "-Onone";
			};
			name = Debug;
		};
		20CDECB02B12905D00BB48CF /* Release */ = {
			isa = XCBuildConfiguration;
			buildSettings = {
				ALWAYS_SEARCH_USER_PATHS = NO;
				ASSETCATALOG_COMPILER_GENERATE_SWIFT_ASSET_SYMBOL_EXTENSIONS = YES;
				CLANG_ANALYZER_NONNULL = YES;
				CLANG_ANALYZER_NUMBER_OBJECT_CONVERSION = YES_AGGRESSIVE;
				CLANG_CXX_LANGUAGE_STANDARD = "gnu++20";
				CLANG_ENABLE_MODULES = YES;
				CLANG_ENABLE_OBJC_ARC = YES;
				CLANG_ENABLE_OBJC_WEAK = YES;
				CLANG_WARN_BLOCK_CAPTURE_AUTORELEASING = YES;
				CLANG_WARN_BOOL_CONVERSION = YES;
				CLANG_WARN_COMMA = YES;
				CLANG_WARN_CONSTANT_CONVERSION = YES;
				CLANG_WARN_DEPRECATED_OBJC_IMPLEMENTATIONS = YES;
				CLANG_WARN_DIRECT_OBJC_ISA_USAGE = YES_ERROR;
				CLANG_WARN_DOCUMENTATION_COMMENTS = YES;
				CLANG_WARN_EMPTY_BODY = YES;
				CLANG_WARN_ENUM_CONVERSION = YES;
				CLANG_WARN_INFINITE_RECURSION = YES;
				CLANG_WARN_INT_CONVERSION = YES;
				CLANG_WARN_NON_LITERAL_NULL_CONVERSION = YES;
				CLANG_WARN_OBJC_IMPLICIT_RETAIN_SELF = YES;
				CLANG_WARN_OBJC_LITERAL_CONVERSION = YES;
				CLANG_WARN_OBJC_ROOT_CLASS = YES_ERROR;
				CLANG_WARN_QUOTED_INCLUDE_IN_FRAMEWORK_HEADER = YES;
				CLANG_WARN_RANGE_LOOP_ANALYSIS = YES;
				CLANG_WARN_STRICT_PROTOTYPES = YES;
				CLANG_WARN_SUSPICIOUS_MOVE = YES;
				CLANG_WARN_UNGUARDED_AVAILABILITY = YES_AGGRESSIVE;
				CLANG_WARN_UNREACHABLE_CODE = YES;
				CLANG_WARN__DUPLICATE_METHOD_MATCH = YES;
				COPY_PHASE_STRIP = NO;
				DEBUG_INFORMATION_FORMAT = "dwarf-with-dsym";
				ENABLE_NS_ASSERTIONS = NO;
				ENABLE_STRICT_OBJC_MSGSEND = YES;
				ENABLE_USER_SCRIPT_SANDBOXING = YES;
				GCC_C_LANGUAGE_STANDARD = gnu17;
				GCC_NO_COMMON_BLOCKS = YES;
				GCC_WARN_64_TO_32_BIT_CONVERSION = YES;
				GCC_WARN_ABOUT_RETURN_TYPE = YES_ERROR;
				GCC_WARN_UNDECLARED_SELECTOR = YES;
				GCC_WARN_UNINITIALIZED_AUTOS = YES_AGGRESSIVE;
				GCC_WARN_UNUSED_FUNCTION = YES;
				GCC_WARN_UNUSED_VARIABLE = YES;
				LOCALIZATION_PREFERS_STRING_CATALOGS = YES;
				MACOSX_DEPLOYMENT_TARGET = 14.0;
				MTL_ENABLE_DEBUG_INFO = NO;
				MTL_FAST_MATH = YES;
				SDKROOT = macosx;
				SWIFT_COMPILATION_MODE = wholemodule;
			};
			name = Release;
		};
		20CDECB22B12905D00BB48CF /* Debug */ = {
			isa = XCBuildConfiguration;
			buildSettings = {
				ASSETCATALOG_COMPILER_APPICON_NAME = AppIcon;
				ASSETCATALOG_COMPILER_GLOBAL_ACCENT_COLOR_NAME = AccentColor;
				CODE_SIGN_ENTITLEMENTS = TaskManager/TaskManager.entitlements;
				CODE_SIGN_STYLE = Automatic;
				COMBINE_HIDPI_IMAGES = YES;
				CURRENT_PROJECT_VERSION = 1;
				DEVELOPMENT_ASSET_PATHS = "\"TaskManager/Preview Content\"";
				DEVELOPMENT_TEAM = 72352C8NWH;
				ENABLE_HARDENED_RUNTIME = YES;
				ENABLE_PREVIEWS = YES;
				GENERATE_INFOPLIST_FILE = YES;
				INFOPLIST_KEY_CFBundleDisplayName = TaskManager;
				INFOPLIST_KEY_NSHumanReadableCopyright = "";
				LD_RUNPATH_SEARCH_PATHS = (
					"$(inherited)",
					"@executable_path/../Frameworks",
				);
				MARKETING_VERSION = 1.0;
				PRODUCT_BUNDLE_IDENTIFIER = com.akshitanchan.TaskManager;
				PRODUCT_NAME = "$(TARGET_NAME)";
				SWIFT_EMIT_LOC_STRINGS = YES;
				SWIFT_VERSION = 5.0;
			};
			name = Debug;
		};
		20CDECB32B12905D00BB48CF /* Release */ = {
			isa = XCBuildConfiguration;
			buildSettings = {
				ASSETCATALOG_COMPILER_APPICON_NAME = AppIcon;
				ASSETCATALOG_COMPILER_GLOBAL_ACCENT_COLOR_NAME = AccentColor;
				CODE_SIGN_ENTITLEMENTS = TaskManager/TaskManager.entitlements;
				CODE_SIGN_STYLE = Automatic;
				COMBINE_HIDPI_IMAGES = YES;
				CURRENT_PROJECT_VERSION = 1;
				DEVELOPMENT_ASSET_PATHS = "\"TaskManager/Preview Content\"";
				DEVELOPMENT_TEAM = 72352C8NWH;
				ENABLE_HARDENED_RUNTIME = YES;
				ENABLE_PREVIEWS = YES;
				GENERATE_INFOPLIST_FILE = YES;
				INFOPLIST_KEY_CFBundleDisplayName = TaskManager;
				INFOPLIST_KEY_NSHumanReadableCopyright = "";
				LD_RUNPATH_SEARCH_PATHS = (
					"$(inherited)",
					"@executable_path/../Frameworks",
				);
				MARKETING_VERSION = 1.0;
				PRODUCT_BUNDLE_IDENTIFIER = com.akshitanchan.TaskManager;
				PRODUCT_NAME = "$(TARGET_NAME)";
				SWIFT_EMIT_LOC_STRINGS = YES;
				SWIFT_VERSION = 5.0;
			};
			name = Release;
		};
/* End XCBuildConfiguration section */

/* Begin XCConfigurationList section */
		20CDEC9D2B12905C00BB48CF /* Build configuration list for PBXProject "TaskManager" */ = {
			isa = XCConfigurationList;
			buildConfigurations = (
				20CDECAF2B12905D00BB48CF /* Debug */,
				20CDECB02B12905D00BB48CF /* Release */,
			);
			defaultConfigurationIsVisible = 0;
			defaultConfigurationName = Release;
		};
		20CDECB12B12905D00BB48CF /* Build configuration list for PBXNativeTarget "TaskManager" */ = {
			isa = XCConfigurationList;
			buildConfigurations = (
				20CDECB22B12905D00BB48CF /* Debug */,
				20CDECB32B12905D00BB48CF /* Release */,
			);
			defaultConfigurationIsVisible = 0;
			defaultConfigurationName = Release;
		};
/* End XCConfigurationList section */
	};
	rootObject = 20CDEC9A2B12905C00BB48CF /* Project object */;
}
